
Microsoft Visual Studio Solution File, Format Version 12.00
# Visual Studio 15
VisualStudioVersion = 15.0.27004.2008
MinimumVisualStudioVersion = 10.0.40219.1
Project("{9A19103F-16F7-4668-BE54-9A1E7A4F7556}") = "AdventOfCode2017", "AdventOfCode\AdventOfCode2017.csproj", "{712BFDA0-3234-4D27-B58E-3CA1A2C4158D}"
EndProject
Global
	GlobalSection(SolutionConfigurationPlatforms) = preSolution
		Debug|Any CPU = Debug|Any CPU
		Release|Any CPU = Release|Any CPU
	EndGlobalSection
	GlobalSection(ProjectConfigurationPlatforms) = postSolution
		{712BFDA0-3234-4D27-B58E-3CA1A2C4158D}.Debug|Any CPU.ActiveCfg = Debug|Any CPU
		{712BFDA0-3234-4D27-B58E-3CA1A2C4158D}.Debug|Any CPU.Build.0 = Debug|Any CPU
		{712BFDA0-3234-4D27-B58E-3CA1A2C4158D}.Release|Any CPU.ActiveCfg = Release|Any CPU
		{712BFDA0-3234-4D27-B58E-3CA1A2C4158D}.Release|Any CPU.Build.0 = Release|Any CPU
	EndGlobalSection
	GlobalSection(SolutionProperties) = preSolution
		HideSolutionNode = FALSE
	EndGlobalSection
	GlobalSection(ExtensibilityGlobals) = postSolution
		SolutionGuid = {84FEB1F7-F6B6-4668-806C-85305A24D98D}
	EndGlobalSection
EndGlobal
